
Microsoft Visual Studio Solution File, Format Version 12.00
# Visual Studio Version 16
VisualStudioVersion = 16.0.31515.178
MinimumVisualStudioVersion = 10.0.40219.1
Project("{FAE04EC0-301F-11D3-BF4B-00C04F79EFBC}") = "JebraAzureFunctions", "JebraAzureFunctions\JebraAzureFunctions.csproj", "{972D9B18-DDF5-4120-9000-92D26DECB692}"
EndProject
Global
	GlobalSection(SolutionConfigurationPlatforms) = preSolution
		Debug|Any CPU = Debug|Any CPU
		Release|Any CPU = Release|Any CPU
	EndGlobalSection
	GlobalSection(ProjectConfigurationPlatforms) = postSolution
		{972D9B18-DDF5-4120-9000-92D26DECB692}.Debug|Any CPU.ActiveCfg = Debug|Any CPU
		{972D9B18-DDF5-4120-9000-92D26DECB692}.Debug|Any CPU.Build.0 = Debug|Any CPU
		{972D9B18-DDF5-4120-9000-92D26DECB692}.Release|Any CPU.ActiveCfg = Release|Any CPU
		{972D9B18-DDF5-4120-9000-92D26DECB692}.Release|Any CPU.Build.0 = Release|Any CPU
	EndGlobalSection
	GlobalSection(SolutionProperties) = preSolution
		HideSolutionNode = FALSE
	EndGlobalSection
	GlobalSection(ExtensibilityGlobals) = postSolution
		SolutionGuid = {99636F41-51B3-433D-BB6D-8F2A7E0302F7}
	EndGlobalSection
EndGlobal
